{
  "name": "goodvibespreserver",
  "version": "1.0.0",
  "lockfileVersion": 3,
  "requires": true,
  "packages": {
    "": {
      "name": "goodvibespreserver",
      "version": "1.0.0",
      "license": "ISC",
      "dependencies": {
        "@types/firefox-webext-browser": "^111.0.1",
        "dotenv": "^16.3.1"
      },
      "devDependencies": {
        "@types/firefox": "^0.0.31"
      }
    },
    "node_modules/@types/firefox": {
      "version": "0.0.31",
      "resolved": "https://registry.npmjs.org/@types/firefox/-/firefox-0.0.31.tgz",
      "integrity": "sha512-GFamkvAUHpv41OvKSCbFX8HVqIFr8wIWhrUzD/7weQv4dFAdxoZfTj0mB+DJtxTlnw3oJyp1ZNt69TL4PP7ZMg==",
      "dev": true
    },
    "node_modules/@types/firefox-webext-browser": {
      "version": "111.0.1",
      "resolved": "https://registry.npmjs.org/@types/firefox-webext-browser/-/firefox-webext-browser-111.0.1.tgz",
      "integrity": "sha512-mmHWdQTCT68X0hh0URrsIyWhJeFzZHaiprj6nni/CmsAmqYq27T0eZyu1ePeKJ/zuDD3wqtTzm5TwRFAso+oPw=="
    },
    "node_modules/dotenv": {
      "version": "16.3.1",
      "resolved": "https://registry.npmjs.org/dotenv/-/dotenv-16.3.1.tgz",
      "integrity": "sha512-IPzF4w4/Rd94bA9imS68tZBaYyBWSCE47V1RGuMrB94iyTOIEwRmVL2x/4An+6mETpLrKJ5hQkB8W4kFAadeIQ==",
      "engines": {
        "node": ">=12"
      },
      "funding": {
        "url": "https://github.com/motdotla/dotenv?sponsor=1"
      }
    }
  }
}
