{
  "name": "goodvibespreserver",
  "version": "1.0.0",
  "lockfileVersion": 3,
  "requires": true,
  "packages": {
    "": {
      "name": "goodvibespreserver",
      "version": "1.0.0",
      "license": "ISC",
      "dependencies": {
        "@types/firefox": "^0.0.31",
        "@types/firefox-webext-browser": "^111.0.1"
      }
    },
    "node_modules/@types/firefox": {
      "version": "0.0.31",
      "resolved": "https://registry.npmjs.org/@types/firefox/-/firefox-0.0.31.tgz",
      "integrity": "sha512-GFamkvAUHpv41OvKSCbFX8HVqIFr8wIWhrUzD/7weQv4dFAdxoZfTj0mB+DJtxTlnw3oJyp1ZNt69TL4PP7ZMg=="
    },
    "node_modules/@types/firefox-webext-browser": {
      "version": "111.0.1",
      "resolved": "https://registry.npmjs.org/@types/firefox-webext-browser/-/firefox-webext-browser-111.0.1.tgz",
      "integrity": "sha512-mmHWdQTCT68X0hh0URrsIyWhJeFzZHaiprj6nni/CmsAmqYq27T0eZyu1ePeKJ/zuDD3wqtTzm5TwRFAso+oPw=="
    }
  }
}
